
Microsoft Visual Studio Solution File, Format Version 12.00
# Visual Studio Version 17
VisualStudioVersion = 17.6.33829.357
MinimumVisualStudioVersion = 10.0.40219.1
Project("{9A19103F-16F7-4668-BE54-9A1E7A4F7556}") = "FluentAssertionsDemo.ToAssert", "FluentAssertionsDemo.ToAssert\FluentAssertionsDemo.ToAssert.csproj", "{7689C987-8F1C-485C-A641-A32D9C4E90FC}"
EndProject
Project("{FAE04EC0-301F-11D3-BF4B-00C04F79EFBC}") = "FluentAssertionsDemo.Test", "FluentAssertionsDemo.Test\FluentAssertionsDemo.Test.csproj", "{2E8C43C9-BF8D-452C-9FF7-04AF1BAD7480}"
EndProject
Global
	GlobalSection(SolutionConfigurationPlatforms) = preSolution
		Debug|Any CPU = Debug|Any CPU
		Release|Any CPU = Release|Any CPU
	EndGlobalSection
	GlobalSection(ProjectConfigurationPlatforms) = postSolution
		{7689C987-8F1C-485C-A641-A32D9C4E90FC}.Debug|Any CPU.ActiveCfg = Debug|Any CPU
		{7689C987-8F1C-485C-A641-A32D9C4E90FC}.Debug|Any CPU.Build.0 = Debug|Any CPU
		{7689C987-8F1C-485C-A641-A32D9C4E90FC}.Release|Any CPU.ActiveCfg = Release|Any CPU
		{7689C987-8F1C-485C-A641-A32D9C4E90FC}.Release|Any CPU.Build.0 = Release|Any CPU
		{2E8C43C9-BF8D-452C-9FF7-04AF1BAD7480}.Debug|Any CPU.ActiveCfg = Debug|Any CPU
		{2E8C43C9-BF8D-452C-9FF7-04AF1BAD7480}.Debug|Any CPU.Build.0 = Debug|Any CPU
		{2E8C43C9-BF8D-452C-9FF7-04AF1BAD7480}.Release|Any CPU.ActiveCfg = Release|Any CPU
		{2E8C43C9-BF8D-452C-9FF7-04AF1BAD7480}.Release|Any CPU.Build.0 = Release|Any CPU
	EndGlobalSection
	GlobalSection(SolutionProperties) = preSolution
		HideSolutionNode = FALSE
	EndGlobalSection
	GlobalSection(ExtensibilityGlobals) = postSolution
		SolutionGuid = {48CBE4B3-4006-4256-84FE-7E80D302B33E}
	EndGlobalSection
EndGlobal
